schema: '2.0'
stages:
  create_features:
    cmd: python scripts/create_features_and_base_pipeline.py
    deps:
    - path: scripts/create_features_and_base_pipeline.py
      hash: md5
      md5: ce542dd494ccd87e72323ed7b4831210
      size: 7085
    outs:
    - path: data/processed/X_test.csv
      hash: md5
      md5: 9161e3caf0aaf77e4480b63d35136e70
      size: 112108
    - path: data/processed/X_train.csv
      hash: md5
      md5: 972f023fb4fc009495d813360f6e152b
      size: 447068
    - path: data/processed/y_test.csv
      hash: md5
      md5: f94a8036c3eecc9059c5ae4c5166006f
      size: 895
    - path: data/processed/y_train.csv
      hash: md5
      md5: 0b7946e30199cd2859bd4413b200e441
      size: 3547
  configure_and_fit:
    cmd: python scripts/configure_and_fit_pipeline.py
    deps:
    - path: artifacts/base_pipeline.pkl
      hash: md5
      md5: 209238902f4aa8abbbec4ec8530b0df0
      size: 387
    - path: data/processed/X_test.csv
      hash: md5
      md5: 9161e3caf0aaf77e4480b63d35136e70
      size: 112108
    - path: data/processed/X_train.csv
      hash: md5
      md5: 972f023fb4fc009495d813360f6e152b
      size: 447068
    - path: data/processed/y_test.csv
      hash: md5
      md5: f94a8036c3eecc9059c5ae4c5166006f
      size: 895
    - path: data/processed/y_train.csv
      hash: md5
      md5: 0b7946e30199cd2859bd4413b200e441
      size: 3547
    - path: scripts/configure_and_fit_pipeline.py
      hash: md5
      md5: 24344578be1ad04905a8d8a9687d3e7a
      size: 9151
    outs:
    - path: artifacts/best_model_pipeline.pkl
      hash: md5
      md5: 5363191c415c5fb8048de52b03223bb2
      size: 52841
    - path: artifacts/model_results.json
      hash: md5
      md5: a319d308f05e3cf730cbb92f2776d1fd
      size: 910
  predict:
    cmd: python scripts/prediction_pipeline.py
    deps:
    - path: artifacts/best_model_pipeline.pkl
      hash: md5
      md5: 5363191c415c5fb8048de52b03223bb2
      size: 52841
    - path: artifacts/model_results.json
      hash: md5
      md5: a319d308f05e3cf730cbb92f2776d1fd
      size: 910
    - path: data/processed/X_test.csv
      hash: md5
      md5: 9161e3caf0aaf77e4480b63d35136e70
      size: 112108
    - path: data/processed/y_test.csv
      hash: md5
      md5: f94a8036c3eecc9059c5ae4c5166006f
      size: 895
    - path: scripts/prediction_pipeline.py
      hash: md5
      md5: a67db3fe2c36f683ac510a4dd10e37ee
      size: 5482
    outs:
    - path: data/predictions
      hash: md5
      md5: 451c92bd9d9b35d07992f6c6ce8f1bf8.dir
      size: 1508
      nfiles: 1
